// !$*UTF8*$!
{
	archiveVersion = 1;
	classes = {
	};
	objectVersion = 50;
	objects = {

/* Begin PBXBuildFile section */
		9F166D772212D898001B5D20 /* StringExtens.swift in Sources */ = {isa = PBXBuildFile; fileRef = 9F166D762212D898001B5D20 /* StringExtens.swift */; };
		9F166D792212D8C2001B5D20 /* Message.swift in Sources */ = {isa = PBXBuildFile; fileRef = 9F166D782212D8C2001B5D20 /* Message.swift */; };
		9F166D7A2212D9ED001B5D20 /* StringExtens.swift in Sources */ = {isa = PBXBuildFile; fileRef = 9F166D762212D898001B5D20 /* StringExtens.swift */; };
		9F166D7B2212D9ED001B5D20 /* StringExtens.swift in Sources */ = {isa = PBXBuildFile; fileRef = 9F166D762212D898001B5D20 /* StringExtens.swift */; };
		9F166D7C2212D9F1001B5D20 /* Message.swift in Sources */ = {isa = PBXBuildFile; fileRef = 9F166D782212D8C2001B5D20 /* Message.swift */; };
		9F166D7D2212D9F1001B5D20 /* Message.swift in Sources */ = {isa = PBXBuildFile; fileRef = 9F166D782212D8C2001B5D20 /* Message.swift */; };
		9F166D7E2212D9FA001B5D20 /* MessengerViewController.swift in Sources */ = {isa = PBXBuildFile; fileRef = 9F664C8B220C1C6200930582 /* MessengerViewController.swift */; };
		9F166D7F2212D9FA001B5D20 /* MessengerViewController.swift in Sources */ = {isa = PBXBuildFile; fileRef = 9F664C8B220C1C6200930582 /* MessengerViewController.swift */; };
		9F166D802212D9FE001B5D20 /* ViewController.swift in Sources */ = {isa = PBXBuildFile; fileRef = 9F664C5C220C196300930582 /* ViewController.swift */; };
		9F166D812212D9FE001B5D20 /* ViewController.swift in Sources */ = {isa = PBXBuildFile; fileRef = 9F664C5C220C196300930582 /* ViewController.swift */; };
		9F166D822212DA01001B5D20 /* AppDelegate.swift in Sources */ = {isa = PBXBuildFile; fileRef = 9F664C5A220C196300930582 /* AppDelegate.swift */; };
		9F166D832212DA01001B5D20 /* AppDelegate.swift in Sources */ = {isa = PBXBuildFile; fileRef = 9F664C5A220C196300930582 /* AppDelegate.swift */; };
		9F166D852212FC7B001B5D20 /* MessengerViewModel.swift in Sources */ = {isa = PBXBuildFile; fileRef = 9F166D842212FC7B001B5D20 /* MessengerViewModel.swift */; };
		9F166D862212FC9C001B5D20 /* MessengerViewModel.swift in Sources */ = {isa = PBXBuildFile; fileRef = 9F166D842212FC7B001B5D20 /* MessengerViewModel.swift */; };
		9F166D872212FC9C001B5D20 /* MessengerViewModel.swift in Sources */ = {isa = PBXBuildFile; fileRef = 9F166D842212FC7B001B5D20 /* MessengerViewModel.swift */; };
		9F2211242215277400356AF2 /* MessengerConstants.swift in Sources */ = {isa = PBXBuildFile; fileRef = 9F2211232215277400356AF2 /* MessengerConstants.swift */; };
		9F2211252215277400356AF2 /* MessengerConstants.swift in Sources */ = {isa = PBXBuildFile; fileRef = 9F2211232215277400356AF2 /* MessengerConstants.swift */; };
		9F2211262215277400356AF2 /* MessengerConstants.swift in Sources */ = {isa = PBXBuildFile; fileRef = 9F2211232215277400356AF2 /* MessengerConstants.swift */; };
		9F22112822152BA500356AF2 /* CollectionViewExtens.swift in Sources */ = {isa = PBXBuildFile; fileRef = 9F22112722152BA500356AF2 /* CollectionViewExtens.swift */; };
		9F22112922152BA500356AF2 /* CollectionViewExtens.swift in Sources */ = {isa = PBXBuildFile; fileRef = 9F22112722152BA500356AF2 /* CollectionViewExtens.swift */; };
		9F22112A22152BA500356AF2 /* CollectionViewExtens.swift in Sources */ = {isa = PBXBuildFile; fileRef = 9F22112722152BA500356AF2 /* CollectionViewExtens.swift */; };
		9F664C5B220C196300930582 /* AppDelegate.swift in Sources */ = {isa = PBXBuildFile; fileRef = 9F664C5A220C196300930582 /* AppDelegate.swift */; };
		9F664C5D220C196300930582 /* ViewController.swift in Sources */ = {isa = PBXBuildFile; fileRef = 9F664C5C220C196300930582 /* ViewController.swift */; };
		9F664C60220C196300930582 /* Main.storyboard in Resources */ = {isa = PBXBuildFile; fileRef = 9F664C5E220C196300930582 /* Main.storyboard */; };
		9F664C63220C196400930582 /* Chat.xcdatamodeld in Sources */ = {isa = PBXBuildFile; fileRef = 9F664C61220C196400930582 /* Chat.xcdatamodeld */; };
		9F664C65220C196900930582 /* Assets.xcassets in Resources */ = {isa = PBXBuildFile; fileRef = 9F664C64220C196900930582 /* Assets.xcassets */; };
		9F664C68220C196900930582 /* LaunchScreen.storyboard in Resources */ = {isa = PBXBuildFile; fileRef = 9F664C66220C196900930582 /* LaunchScreen.storyboard */; };
		9F664C73220C196A00930582 /* ChatTests.swift in Sources */ = {isa = PBXBuildFile; fileRef = 9F664C72220C196A00930582 /* ChatTests.swift */; };
		9F664C7E220C196A00930582 /* ChatUITests.swift in Sources */ = {isa = PBXBuildFile; fileRef = 9F664C7D220C196A00930582 /* ChatUITests.swift */; };
		9F664C8C220C1C6200930582 /* MessengerViewController.swift in Sources */ = {isa = PBXBuildFile; fileRef = 9F664C8B220C1C6200930582 /* MessengerViewController.swift */; };
		9FAFB30822140EC700EB49FF /* ChatInputAccessView.swift in Sources */ = {isa = PBXBuildFile; fileRef = 9FAFB30722140EC700EB49FF /* ChatInputAccessView.swift */; };
		9FAFB30922140EC700EB49FF /* ChatInputAccessView.swift in Sources */ = {isa = PBXBuildFile; fileRef = 9FAFB30722140EC700EB49FF /* ChatInputAccessView.swift */; };
		9FAFB30A22140EC700EB49FF /* ChatInputAccessView.swift in Sources */ = {isa = PBXBuildFile; fileRef = 9FAFB30722140EC700EB49FF /* ChatInputAccessView.swift */; };
		9FC1EA8D221D2DC400A83670 /* ViewExtens.swift in Sources */ = {isa = PBXBuildFile; fileRef = 9FC1EA8C221D2DC400A83670 /* ViewExtens.swift */; };
		9FC1EA8E221D2DC400A83670 /* ViewExtens.swift in Sources */ = {isa = PBXBuildFile; fileRef = 9FC1EA8C221D2DC400A83670 /* ViewExtens.swift */; };
		9FC1EA8F221D2DC400A83670 /* ViewExtens.swift in Sources */ = {isa = PBXBuildFile; fileRef = 9FC1EA8C221D2DC400A83670 /* ViewExtens.swift */; };
		9FC1EA91221D571900A83670 /* MessengerSenderCell.swift in Sources */ = {isa = PBXBuildFile; fileRef = 9FC1EA90221D571900A83670 /* MessengerSenderCell.swift */; };
		9FC1EA92221D571900A83670 /* MessengerSenderCell.swift in Sources */ = {isa = PBXBuildFile; fileRef = 9FC1EA90221D571900A83670 /* MessengerSenderCell.swift */; };
		9FC1EA93221D571900A83670 /* MessengerSenderCell.swift in Sources */ = {isa = PBXBuildFile; fileRef = 9FC1EA90221D571900A83670 /* MessengerSenderCell.swift */; };
		9FC1EA95221D572300A83670 /* MessengerReceiverCell.swift in Sources */ = {isa = PBXBuildFile; fileRef = 9FC1EA94221D572300A83670 /* MessengerReceiverCell.swift */; };
		9FC1EA96221D572300A83670 /* MessengerReceiverCell.swift in Sources */ = {isa = PBXBuildFile; fileRef = 9FC1EA94221D572300A83670 /* MessengerReceiverCell.swift */; };
		9FC1EA97221D572300A83670 /* MessengerReceiverCell.swift in Sources */ = {isa = PBXBuildFile; fileRef = 9FC1EA94221D572300A83670 /* MessengerReceiverCell.swift */; };
		9FCE386B2211AD37007DDEBF /* ChatTextInputView.swift in Sources */ = {isa = PBXBuildFile; fileRef = 9FCE386A2211AD37007DDEBF /* ChatTextInputView.swift */; };
		9FCE386C2211AD37007DDEBF /* ChatTextInputView.swift in Sources */ = {isa = PBXBuildFile; fileRef = 9FCE386A2211AD37007DDEBF /* ChatTextInputView.swift */; };
		9FCE386D2211AD37007DDEBF /* ChatTextInputView.swift in Sources */ = {isa = PBXBuildFile; fileRef = 9FCE386A2211AD37007DDEBF /* ChatTextInputView.swift */; };
/* End PBXBuildFile section */

/* Begin PBXContainerItemProxy section */
		9F664C6F220C196A00930582 /* PBXContainerItemProxy */ = {
			isa = PBXContainerItemProxy;
			containerPortal = 9F664C4F220C196300930582 /* Project object */;
			proxyType = 1;
			remoteGlobalIDString = 9F664C56220C196300930582;
			remoteInfo = Chat;
		};
		9F664C7A220C196A00930582 /* PBXContainerItemProxy */ = {
			isa = PBXContainerItemProxy;
			containerPortal = 9F664C4F220C196300930582 /* Project object */;
			proxyType = 1;
			remoteGlobalIDString = 9F664C56220C196300930582;
			remoteInfo = Chat;
		};
/* End PBXContainerItemProxy section */

/* Begin PBXFileReference section */
		9F166D762212D898001B5D20 /* StringExtens.swift */ = {isa = PBXFileReference; lastKnownFileType = sourcecode.swift; path = StringExtens.swift; sourceTree = "<group>"; };
		9F166D782212D8C2001B5D20 /* Message.swift */ = {isa = PBXFileReference; lastKnownFileType = sourcecode.swift; path = Message.swift; sourceTree = "<group>"; };
		9F166D842212FC7B001B5D20 /* MessengerViewModel.swift */ = {isa = PBXFileReference; lastKnownFileType = sourcecode.swift; path = MessengerViewModel.swift; sourceTree = "<group>"; };
		9F2211232215277400356AF2 /* MessengerConstants.swift */ = {isa = PBXFileReference; lastKnownFileType = sourcecode.swift; path = MessengerConstants.swift; sourceTree = "<group>"; };
		9F22112722152BA500356AF2 /* CollectionViewExtens.swift */ = {isa = PBXFileReference; lastKnownFileType = sourcecode.swift; path = CollectionViewExtens.swift; sourceTree = "<group>"; };
		9F664C57220C196300930582 /* Chat.app */ = {isa = PBXFileReference; explicitFileType = wrapper.application; includeInIndex = 0; path = Chat.app; sourceTree = BUILT_PRODUCTS_DIR; };
		9F664C5A220C196300930582 /* AppDelegate.swift */ = {isa = PBXFileReference; lastKnownFileType = sourcecode.swift; path = AppDelegate.swift; sourceTree = "<group>"; };
		9F664C5C220C196300930582 /* ViewController.swift */ = {isa = PBXFileReference; lastKnownFileType = sourcecode.swift; path = ViewController.swift; sourceTree = "<group>"; };
		9F664C5F220C196300930582 /* Base */ = {isa = PBXFileReference; lastKnownFileType = file.storyboard; name = Base; path = Base.lproj/Main.storyboard; sourceTree = "<group>"; };
		9F664C62220C196400930582 /* Chat.xcdatamodel */ = {isa = PBXFileReference; lastKnownFileType = wrapper.xcdatamodel; path = Chat.xcdatamodel; sourceTree = "<group>"; };
		9F664C64220C196900930582 /* Assets.xcassets */ = {isa = PBXFileReference; lastKnownFileType = folder.assetcatalog; path = Assets.xcassets; sourceTree = "<group>"; };
		9F664C67220C196900930582 /* Base */ = {isa = PBXFileReference; lastKnownFileType = file.storyboard; name = Base; path = Base.lproj/LaunchScreen.storyboard; sourceTree = "<group>"; };
		9F664C69220C196900930582 /* Info.plist */ = {isa = PBXFileReference; lastKnownFileType = text.plist.xml; path = Info.plist; sourceTree = "<group>"; };
		9F664C6E220C196A00930582 /* ChatTests.xctest */ = {isa = PBXFileReference; explicitFileType = wrapper.cfbundle; includeInIndex = 0; path = ChatTests.xctest; sourceTree = BUILT_PRODUCTS_DIR; };
		9F664C72220C196A00930582 /* ChatTests.swift */ = {isa = PBXFileReference; lastKnownFileType = sourcecode.swift; path = ChatTests.swift; sourceTree = "<group>"; };
		9F664C74220C196A00930582 /* Info.plist */ = {isa = PBXFileReference; lastKnownFileType = text.plist.xml; path = Info.plist; sourceTree = "<group>"; };
		9F664C79220C196A00930582 /* ChatUITests.xctest */ = {isa = PBXFileReference; explicitFileType = wrapper.cfbundle; includeInIndex = 0; path = ChatUITests.xctest; sourceTree = BUILT_PRODUCTS_DIR; };
		9F664C7D220C196A00930582 /* ChatUITests.swift */ = {isa = PBXFileReference; lastKnownFileType = sourcecode.swift; path = ChatUITests.swift; sourceTree = "<group>"; };
		9F664C7F220C196A00930582 /* Info.plist */ = {isa = PBXFileReference; lastKnownFileType = text.plist.xml; path = Info.plist; sourceTree = "<group>"; };
		9F664C8B220C1C6200930582 /* MessengerViewController.swift */ = {isa = PBXFileReference; lastKnownFileType = sourcecode.swift; path = MessengerViewController.swift; sourceTree = "<group>"; };
		9FAFB30722140EC700EB49FF /* ChatInputAccessView.swift */ = {isa = PBXFileReference; lastKnownFileType = sourcecode.swift; path = ChatInputAccessView.swift; sourceTree = "<group>"; };
		9FC1EA8C221D2DC400A83670 /* ViewExtens.swift */ = {isa = PBXFileReference; lastKnownFileType = sourcecode.swift; path = ViewExtens.swift; sourceTree = "<group>"; };
		9FC1EA90221D571900A83670 /* MessengerSenderCell.swift */ = {isa = PBXFileReference; lastKnownFileType = sourcecode.swift; path = MessengerSenderCell.swift; sourceTree = "<group>"; };
		9FC1EA94221D572300A83670 /* MessengerReceiverCell.swift */ = {isa = PBXFileReference; lastKnownFileType = sourcecode.swift; path = MessengerReceiverCell.swift; sourceTree = "<group>"; };
		9FCE386A2211AD37007DDEBF /* ChatTextInputView.swift */ = {isa = PBXFileReference; lastKnownFileType = sourcecode.swift; path = ChatTextInputView.swift; sourceTree = "<group>"; };
/* End PBXFileReference section */

/* Begin PBXFrameworksBuildPhase section */
		9F664C54220C196300930582 /* Frameworks */ = {
			isa = PBXFrameworksBuildPhase;
			buildActionMask = 2147483647;
			files = (
			);
			runOnlyForDeploymentPostprocessing = 0;
		};
		9F664C6B220C196A00930582 /* Frameworks */ = {
			isa = PBXFrameworksBuildPhase;
			buildActionMask = 2147483647;
			files = (
			);
			runOnlyForDeploymentPostprocessing = 0;
		};
		9F664C76220C196A00930582 /* Frameworks */ = {
			isa = PBXFrameworksBuildPhase;
			buildActionMask = 2147483647;
			files = (
			);
			runOnlyForDeploymentPostprocessing = 0;
		};
/* End PBXFrameworksBuildPhase section */

/* Begin PBXGroup section */
		9F221122221526C600356AF2 /* Messenger */ = {
			isa = PBXGroup;
			children = (
				9F2211232215277400356AF2 /* MessengerConstants.swift */,
				9F664C8B220C1C6200930582 /* MessengerViewController.swift */,
				9F166D842212FC7B001B5D20 /* MessengerViewModel.swift */,
				9FC1EA90221D571900A83670 /* MessengerSenderCell.swift */,
				9FC1EA94221D572300A83670 /* MessengerReceiverCell.swift */,
				9FCE386A2211AD37007DDEBF /* ChatTextInputView.swift */,
				9F166D762212D898001B5D20 /* StringExtens.swift */,
				9F22112722152BA500356AF2 /* CollectionViewExtens.swift */,
				9F166D782212D8C2001B5D20 /* Message.swift */,
				9FAFB30722140EC700EB49FF /* ChatInputAccessView.swift */,
				9FC1EA8C221D2DC400A83670 /* ViewExtens.swift */,
			);
			path = Messenger;
			sourceTree = "<group>";
		};
		9F664C4E220C196300930582 = {
			isa = PBXGroup;
			children = (
				9F664C59220C196300930582 /* Chat */,
				9F664C71220C196A00930582 /* ChatTests */,
				9F664C7C220C196A00930582 /* ChatUITests */,
				9F664C58220C196300930582 /* Products */,
			);
			sourceTree = "<group>";
		};
		9F664C58220C196300930582 /* Products */ = {
			isa = PBXGroup;
			children = (
				9F664C57220C196300930582 /* Chat.app */,
				9F664C6E220C196A00930582 /* ChatTests.xctest */,
				9F664C79220C196A00930582 /* ChatUITests.xctest */,
			);
			name = Products;
			sourceTree = "<group>";
		};
		9F664C59220C196300930582 /* Chat */ = {
			isa = PBXGroup;
			children = (
				9F664C5A220C196300930582 /* AppDelegate.swift */,
				9F664C5C220C196300930582 /* ViewController.swift */,
				9F221122221526C600356AF2 /* Messenger */,
				9F664C5E220C196300930582 /* Main.storyboard */,
				9F664C64220C196900930582 /* Assets.xcassets */,
				9F664C66220C196900930582 /* LaunchScreen.storyboard */,
				9F664C69220C196900930582 /* Info.plist */,
				9F664C61220C196400930582 /* Chat.xcdatamodeld */,
			);
			path = Chat;
			sourceTree = "<group>";
		};
		9F664C71220C196A00930582 /* ChatTests */ = {
			isa = PBXGroup;
			children = (
				9F664C72220C196A00930582 /* ChatTests.swift */,
				9F664C74220C196A00930582 /* Info.plist */,
			);
			path = ChatTests;
			sourceTree = "<group>";
		};
		9F664C7C220C196A00930582 /* ChatUITests */ = {
			isa = PBXGroup;
			children = (
				9F664C7D220C196A00930582 /* ChatUITests.swift */,
				9F664C7F220C196A00930582 /* Info.plist */,
			);
			path = ChatUITests;
			sourceTree = "<group>";
		};
/* End PBXGroup section */

/* Begin PBXNativeTarget section */
		9F664C56220C196300930582 /* Chat */ = {
			isa = PBXNativeTarget;
			buildConfigurationList = 9F664C82220C196A00930582 /* Build configuration list for PBXNativeTarget "Chat" */;
			buildPhases = (
				9F664C53220C196300930582 /* Sources */,
				9F664C54220C196300930582 /* Frameworks */,
				9F664C55220C196300930582 /* Resources */,
			);
			buildRules = (
			);
			dependencies = (
			);
			name = Chat;
			productName = Chat;
			productReference = 9F664C57220C196300930582 /* Chat.app */;
			productType = "com.apple.product-type.application";
		};
		9F664C6D220C196A00930582 /* ChatTests */ = {
			isa = PBXNativeTarget;
			buildConfigurationList = 9F664C85220C196A00930582 /* Build configuration list for PBXNativeTarget "ChatTests" */;
			buildPhases = (
				9F664C6A220C196A00930582 /* Sources */,
				9F664C6B220C196A00930582 /* Frameworks */,
				9F664C6C220C196A00930582 /* Resources */,
			);
			buildRules = (
			);
			dependencies = (
				9F664C70220C196A00930582 /* PBXTargetDependency */,
			);
			name = ChatTests;
			productName = ChatTests;
			productReference = 9F664C6E220C196A00930582 /* ChatTests.xctest */;
			productType = "com.apple.product-type.bundle.unit-test";
		};
		9F664C78220C196A00930582 /* ChatUITests */ = {
			isa = PBXNativeTarget;
			buildConfigurationList = 9F664C88220C196A00930582 /* Build configuration list for PBXNativeTarget "ChatUITests" */;
			buildPhases = (
				9F664C75220C196A00930582 /* Sources */,
				9F664C76220C196A00930582 /* Frameworks */,
				9F664C77220C196A00930582 /* Resources */,
			);
			buildRules = (
			);
			dependencies = (
				9F664C7B220C196A00930582 /* PBXTargetDependency */,
			);
			name = ChatUITests;
			productName = ChatUITests;
			productReference = 9F664C79220C196A00930582 /* ChatUITests.xctest */;
			productType = "com.apple.product-type.bundle.ui-testing";
		};
/* End PBXNativeTarget section */

/* Begin PBXProject section */
		9F664C4F220C196300930582 /* Project object */ = {
			isa = PBXProject;
			attributes = {
				LastSwiftUpdateCheck = 1010;
				LastUpgradeCheck = 1010;
				ORGANIZATIONNAME = ktrkathir;
				TargetAttributes = {
					9F664C56220C196300930582 = {
						CreatedOnToolsVersion = 10.1;
					};
					9F664C6D220C196A00930582 = {
						CreatedOnToolsVersion = 10.1;
						TestTargetID = 9F664C56220C196300930582;
					};
					9F664C78220C196A00930582 = {
						CreatedOnToolsVersion = 10.1;
						TestTargetID = 9F664C56220C196300930582;
					};
				};
			};
			buildConfigurationList = 9F664C52220C196300930582 /* Build configuration list for PBXProject "Chat" */;
			compatibilityVersion = "Xcode 9.3";
			developmentRegion = en;
			hasScannedForEncodings = 0;
			knownRegions = (
				en,
				Base,
			);
			mainGroup = 9F664C4E220C196300930582;
			productRefGroup = 9F664C58220C196300930582 /* Products */;
			projectDirPath = "";
			projectRoot = "";
			targets = (
				9F664C56220C196300930582 /* Chat */,
				9F664C6D220C196A00930582 /* ChatTests */,
				9F664C78220C196A00930582 /* ChatUITests */,
			);
		};
/* End PBXProject section */

/* Begin PBXResourcesBuildPhase section */
		9F664C55220C196300930582 /* Resources */ = {
			isa = PBXResourcesBuildPhase;
			buildActionMask = 2147483647;
			files = (
				9F664C68220C196900930582 /* LaunchScreen.storyboard in Resources */,
				9F664C65220C196900930582 /* Assets.xcassets in Resources */,
				9F664C60220C196300930582 /* Main.storyboard in Resources */,
			);
			runOnlyForDeploymentPostprocessing = 0;
		};
		9F664C6C220C196A00930582 /* Resources */ = {
			isa = PBXResourcesBuildPhase;
			buildActionMask = 2147483647;
			files = (
			);
			runOnlyForDeploymentPostprocessing = 0;
		};
		9F664C77220C196A00930582 /* Resources */ = {
			isa = PBXResourcesBuildPhase;
			buildActionMask = 2147483647;
			files = (
			);
			runOnlyForDeploymentPostprocessing = 0;
		};
/* End PBXResourcesBuildPhase section */

/* Begin PBXSourcesBuildPhase section */
		9F664C53220C196300930582 /* Sources */ = {
			isa = PBXSourcesBuildPhase;
			buildActionMask = 2147483647;
			files = (
				9F664C63220C196400930582 /* Chat.xcdatamodeld in Sources */,
				9FC1EA95221D572300A83670 /* MessengerReceiverCell.swift in Sources */,
				9FCE386B2211AD37007DDEBF /* ChatTextInputView.swift in Sources */,
				9F2211242215277400356AF2 /* MessengerConstants.swift in Sources */,
				9F664C5D220C196300930582 /* ViewController.swift in Sources */,
				9F22112822152BA500356AF2 /* CollectionViewExtens.swift in Sources */,
				9FAFB30822140EC700EB49FF /* ChatInputAccessView.swift in Sources */,
				9F166D852212FC7B001B5D20 /* MessengerViewModel.swift in Sources */,
				9F166D772212D898001B5D20 /* StringExtens.swift in Sources */,
				9FC1EA91221D571900A83670 /* MessengerSenderCell.swift in Sources */,
				9F664C5B220C196300930582 /* AppDelegate.swift in Sources */,
				9F166D792212D8C2001B5D20 /* Message.swift in Sources */,
				9F664C8C220C1C6200930582 /* MessengerViewController.swift in Sources */,
				9FC1EA8D221D2DC400A83670 /* ViewExtens.swift in Sources */,
			);
			runOnlyForDeploymentPostprocessing = 0;
		};
		9F664C6A220C196A00930582 /* Sources */ = {
			isa = PBXSourcesBuildPhase;
			buildActionMask = 2147483647;
			files = (
				9F166D822212DA01001B5D20 /* AppDelegate.swift in Sources */,
				9FC1EA96221D572300A83670 /* MessengerReceiverCell.swift in Sources */,
				9F166D7A2212D9ED001B5D20 /* StringExtens.swift in Sources */,
				9F2211252215277400356AF2 /* MessengerConstants.swift in Sources */,
				9FCE386C2211AD37007DDEBF /* ChatTextInputView.swift in Sources */,
				9F22112922152BA500356AF2 /* CollectionViewExtens.swift in Sources */,
				9FAFB30922140EC700EB49FF /* ChatInputAccessView.swift in Sources */,
				9F166D862212FC9C001B5D20 /* MessengerViewModel.swift in Sources */,
				9F166D7C2212D9F1001B5D20 /* Message.swift in Sources */,
				9FC1EA92221D571900A83670 /* MessengerSenderCell.swift in Sources */,
				9F664C73220C196A00930582 /* ChatTests.swift in Sources */,
				9F166D802212D9FE001B5D20 /* ViewController.swift in Sources */,
				9F166D7E2212D9FA001B5D20 /* MessengerViewController.swift in Sources */,
				9FC1EA8E221D2DC400A83670 /* ViewExtens.swift in Sources */,
			);
			runOnlyForDeploymentPostprocessing = 0;
		};
		9F664C75220C196A00930582 /* Sources */ = {
			isa = PBXSourcesBuildPhase;
			buildActionMask = 2147483647;
			files = (
				9F166D832212DA01001B5D20 /* AppDelegate.swift in Sources */,
				9FC1EA97221D572300A83670 /* MessengerReceiverCell.swift in Sources */,
				9F166D7B2212D9ED001B5D20 /* StringExtens.swift in Sources */,
				9F2211262215277400356AF2 /* MessengerConstants.swift in Sources */,
				9FCE386D2211AD37007DDEBF /* ChatTextInputView.swift in Sources */,
				9F22112A22152BA500356AF2 /* CollectionViewExtens.swift in Sources */,
				9FAFB30A22140EC700EB49FF /* ChatInputAccessView.swift in Sources */,
				9F166D872212FC9C001B5D20 /* MessengerViewModel.swift in Sources */,
				9F166D7D2212D9F1001B5D20 /* Message.swift in Sources */,
				9FC1EA93221D571900A83670 /* MessengerSenderCell.swift in Sources */,
				9F664C7E220C196A00930582 /* ChatUITests.swift in Sources */,
				9F166D812212D9FE001B5D20 /* ViewController.swift in Sources */,
				9F166D7F2212D9FA001B5D20 /* MessengerViewController.swift in Sources */,
				9FC1EA8F221D2DC400A83670 /* ViewExtens.swift in Sources */,
			);
			runOnlyForDeploymentPostprocessing = 0;
		};
/* End PBXSourcesBuildPhase section */

/* Begin PBXTargetDependency section */
		9F664C70220C196A00930582 /* PBXTargetDependency */ = {
			isa = PBXTargetDependency;
			target = 9F664C56220C196300930582 /* Chat */;
			targetProxy = 9F664C6F220C196A00930582 /* PBXContainerItemProxy */;
		};
		9F664C7B220C196A00930582 /* PBXTargetDependency */ = {
			isa = PBXTargetDependency;
			target = 9F664C56220C196300930582 /* Chat */;
			targetProxy = 9F664C7A220C196A00930582 /* PBXContainerItemProxy */;
		};
/* End PBXTargetDependency section */

/* Begin PBXVariantGroup section */
		9F664C5E220C196300930582 /* Main.storyboard */ = {
			isa = PBXVariantGroup;
			children = (
				9F664C5F220C196300930582 /* Base */,
			);
			name = Main.storyboard;
			sourceTree = "<group>";
		};
		9F664C66220C196900930582 /* LaunchScreen.storyboard */ = {
			isa = PBXVariantGroup;
			children = (
				9F664C67220C196900930582 /* Base */,
			);
			name = LaunchScreen.storyboard;
			sourceTree = "<group>";
		};
/* End PBXVariantGroup section */

/* Begin XCBuildConfiguration section */
		9F664C80220C196A00930582 /* Debug */ = {
			isa = XCBuildConfiguration;
			buildSettings = {
				ALWAYS_SEARCH_USER_PATHS = NO;
				CLANG_ANALYZER_NONNULL = YES;
				CLANG_ANALYZER_NUMBER_OBJECT_CONVERSION = YES_AGGRESSIVE;
				CLANG_CXX_LANGUAGE_STANDARD = "gnu++14";
				CLANG_CXX_LIBRARY = "libc++";
				CLANG_ENABLE_MODULES = YES;
				CLANG_ENABLE_OBJC_ARC = YES;
				CLANG_ENABLE_OBJC_WEAK = YES;
				CLANG_WARN_BLOCK_CAPTURE_AUTORELEASING = YES;
				CLANG_WARN_BOOL_CONVERSION = YES;
				CLANG_WARN_COMMA = YES;
				CLANG_WARN_CONSTANT_CONVERSION = YES;
				CLANG_WARN_DEPRECATED_OBJC_IMPLEMENTATIONS = YES;
				CLANG_WARN_DIRECT_OBJC_ISA_USAGE = YES_ERROR;
				CLANG_WARN_DOCUMENTATION_COMMENTS = YES;
				CLANG_WARN_EMPTY_BODY = YES;
				CLANG_WARN_ENUM_CONVERSION = YES;
				CLANG_WARN_INFINITE_RECURSION = YES;
				CLANG_WARN_INT_CONVERSION = YES;
				CLANG_WARN_NON_LITERAL_NULL_CONVERSION = YES;
				CLANG_WARN_OBJC_IMPLICIT_RETAIN_SELF = YES;
				CLANG_WARN_OBJC_LITERAL_CONVERSION = YES;
				CLANG_WARN_OBJC_ROOT_CLASS = YES_ERROR;
				CLANG_WARN_RANGE_LOOP_ANALYSIS = YES;
				CLANG_WARN_STRICT_PROTOTYPES = YES;
				CLANG_WARN_SUSPICIOUS_MOVE = YES;
				CLANG_WARN_UNGUARDED_AVAILABILITY = YES_AGGRESSIVE;
				CLANG_WARN_UNREACHABLE_CODE = YES;
				CLANG_WARN__DUPLICATE_METHOD_MATCH = YES;
				CODE_SIGN_IDENTITY = "iPhone Developer";
				COPY_PHASE_STRIP = NO;
				DEBUG_INFORMATION_FORMAT = dwarf;
				ENABLE_STRICT_OBJC_MSGSEND = YES;
				ENABLE_TESTABILITY = YES;
				GCC_C_LANGUAGE_STANDARD = gnu11;
				GCC_DYNAMIC_NO_PIC = NO;
				GCC_NO_COMMON_BLOCKS = YES;
				GCC_OPTIMIZATION_LEVEL = 0;
				GCC_PREPROCESSOR_DEFINITIONS = (
					"DEBUG=1",
					"$(inherited)",
				);
				GCC_WARN_64_TO_32_BIT_CONVERSION = YES;
				GCC_WARN_ABOUT_RETURN_TYPE = YES_ERROR;
				GCC_WARN_UNDECLARED_SELECTOR = YES;
				GCC_WARN_UNINITIALIZED_AUTOS = YES_AGGRESSIVE;
				GCC_WARN_UNUSED_FUNCTION = YES;
				GCC_WARN_UNUSED_VARIABLE = YES;
				IPHONEOS_DEPLOYMENT_TARGET = 12.1;
				MTL_ENABLE_DEBUG_INFO = INCLUDE_SOURCE;
				MTL_FAST_MATH = YES;
				ONLY_ACTIVE_ARCH = YES;
				SDKROOT = iphoneos;
				SWIFT_ACTIVE_COMPILATION_CONDITIONS = DEBUG;
				SWIFT_OPTIMIZATION_LEVEL = "-Onone";
			};
			name = Debug;
		};
		9F664C81220C196A00930582 /* Release */ = {
			isa = XCBuildConfiguration;
			buildSettings = {
				ALWAYS_SEARCH_USER_PATHS = NO;
				CLANG_ANALYZER_NONNULL = YES;
				CLANG_ANALYZER_NUMBER_OBJECT_CONVERSION = YES_AGGRESSIVE;
				CLANG_CXX_LANGUAGE_STANDARD = "gnu++14";
				CLANG_CXX_LIBRARY = "libc++";
				CLANG_ENABLE_MODULES = YES;
				CLANG_ENABLE_OBJC_ARC = YES;
				CLANG_ENABLE_OBJC_WEAK = YES;
				CLANG_WARN_BLOCK_CAPTURE_AUTORELEASING = YES;
				CLANG_WARN_BOOL_CONVERSION = YES;
				CLANG_WARN_COMMA = YES;
				CLANG_WARN_CONSTANT_CONVERSION = YES;
				CLANG_WARN_DEPRECATED_OBJC_IMPLEMENTATIONS = YES;
				CLANG_WARN_DIRECT_OBJC_ISA_USAGE = YES_ERROR;
				CLANG_WARN_DOCUMENTATION_COMMENTS = YES;
				CLANG_WARN_EMPTY_BODY = YES;
				CLANG_WARN_ENUM_CONVERSION = YES;
				CLANG_WARN_INFINITE_RECURSION = YES;
				CLANG_WARN_INT_CONVERSION = YES;
				CLANG_WARN_NON_LITERAL_NULL_CONVERSION = YES;
				CLANG_WARN_OBJC_IMPLICIT_RETAIN_SELF = YES;
				CLANG_WARN_OBJC_LITERAL_CONVERSION = YES;
				CLANG_WARN_OBJC_ROOT_CLASS = YES_ERROR;
				CLANG_WARN_RANGE_LOOP_ANALYSIS = YES;
				CLANG_WARN_STRICT_PROTOTYPES = YES;
				CLANG_WARN_SUSPICIOUS_MOVE = YES;
				CLANG_WARN_UNGUARDED_AVAILABILITY = YES_AGGRESSIVE;
				CLANG_WARN_UNREACHABLE_CODE = YES;
				CLANG_WARN__DUPLICATE_METHOD_MATCH = YES;
				CODE_SIGN_IDENTITY = "iPhone Developer";
				COPY_PHASE_STRIP = NO;
				DEBUG_INFORMATION_FORMAT = "dwarf-with-dsym";
				ENABLE_NS_ASSERTIONS = NO;
				ENABLE_STRICT_OBJC_MSGSEND = YES;
				GCC_C_LANGUAGE_STANDARD = gnu11;
				GCC_NO_COMMON_BLOCKS = YES;
				GCC_WARN_64_TO_32_BIT_CONVERSION = YES;
				GCC_WARN_ABOUT_RETURN_TYPE = YES_ERROR;
				GCC_WARN_UNDECLARED_SELECTOR = YES;
				GCC_WARN_UNINITIALIZED_AUTOS = YES_AGGRESSIVE;
				GCC_WARN_UNUSED_FUNCTION = YES;
				GCC_WARN_UNUSED_VARIABLE = YES;
				IPHONEOS_DEPLOYMENT_TARGET = 12.1;
				MTL_ENABLE_DEBUG_INFO = NO;
				MTL_FAST_MATH = YES;
				SDKROOT = iphoneos;
				SWIFT_COMPILATION_MODE = wholemodule;
				SWIFT_OPTIMIZATION_LEVEL = "-O";
				VALIDATE_PRODUCT = YES;
			};
			name = Release;
		};
		9F664C83220C196A00930582 /* Debug */ = {
			isa = XCBuildConfiguration;
			buildSettings = {
				ASSETCATALOG_COMPILER_APPICON_NAME = AppIcon;
				CODE_SIGN_STYLE = Automatic;
				DEVELOPMENT_TEAM = XS458MZC7Y;
				INFOPLIST_FILE = Chat/Info.plist;
				LD_RUNPATH_SEARCH_PATHS = (
					"$(inherited)",
					"@executable_path/Frameworks",
				);
				PRODUCT_BUNDLE_IDENTIFIER = com.ktrkathir.Chat;
				PRODUCT_NAME = "$(TARGET_NAME)";
				SWIFT_VERSION = 4.2;
				TARGETED_DEVICE_FAMILY = "1,2";
			};
			name = Debug;
		};
		9F664C84220C196A00930582 /* Release */ = {
			isa = XCBuildConfiguration;
			buildSettings = {
				ASSETCATALOG_COMPILER_APPICON_NAME = AppIcon;
				CODE_SIGN_STYLE = Automatic;
				DEVELOPMENT_TEAM = XS458MZC7Y;
				INFOPLIST_FILE = Chat/Info.plist;
				LD_RUNPATH_SEARCH_PATHS = (
					"$(inherited)",
					"@executable_path/Frameworks",
				);
				PRODUCT_BUNDLE_IDENTIFIER = com.ktrkathir.Chat;
				PRODUCT_NAME = "$(TARGET_NAME)";
				SWIFT_VERSION = 4.2;
				TARGETED_DEVICE_FAMILY = "1,2";
			};
			name = Release;
		};
		9F664C86220C196A00930582 /* Debug */ = {
			isa = XCBuildConfiguration;
			buildSettings = {
				ALWAYS_EMBED_SWIFT_STANDARD_LIBRARIES = YES;
				BUNDLE_LOADER = "$(TEST_HOST)";
				CODE_SIGN_STYLE = Automatic;
				INFOPLIST_FILE = ChatTests/Info.plist;
				LD_RUNPATH_SEARCH_PATHS = (
					"$(inherited)",
					"@executable_path/Frameworks",
					"@loader_path/Frameworks",
				);
				PRODUCT_BUNDLE_IDENTIFIER = com.ktrkathir.ChatTests;
				PRODUCT_NAME = "$(TARGET_NAME)";
				SWIFT_VERSION = 4.2;
				TARGETED_DEVICE_FAMILY = "1,2";
				TEST_HOST = "$(BUILT_PRODUCTS_DIR)/Chat.app/Chat";
			};
			name = Debug;
		};
		9F664C87220C196A00930582 /* Release */ = {
			isa = XCBuildConfiguration;
			buildSettings = {
				ALWAYS_EMBED_SWIFT_STANDARD_LIBRARIES = YES;
				BUNDLE_LOADER = "$(TEST_HOST)";
				CODE_SIGN_STYLE = Automatic;
				INFOPLIST_FILE = ChatTests/Info.plist;
				LD_RUNPATH_SEARCH_PATHS = (
					"$(inherited)",
					"@executable_path/Frameworks",
					"@loader_path/Frameworks",
				);
				PRODUCT_BUNDLE_IDENTIFIER = com.ktrkathir.ChatTests;
				PRODUCT_NAME = "$(TARGET_NAME)";
				SWIFT_VERSION = 4.2;
				TARGETED_DEVICE_FAMILY = "1,2";
				TEST_HOST = "$(BUILT_PRODUCTS_DIR)/Chat.app/Chat";
			};
			name = Release;
		};
		9F664C89220C196A00930582 /* Debug */ = {
			isa = XCBuildConfiguration;
			buildSettings = {
				ALWAYS_EMBED_SWIFT_STANDARD_LIBRARIES = YES;
				CODE_SIGN_STYLE = Automatic;
				INFOPLIST_FILE = ChatUITests/Info.plist;
				LD_RUNPATH_SEARCH_PATHS = (
					"$(inherited)",
					"@executable_path/Frameworks",
					"@loader_path/Frameworks",
				);
				PRODUCT_BUNDLE_IDENTIFIER = com.ktrkathir.ChatUITests;
				PRODUCT_NAME = "$(TARGET_NAME)";
				SWIFT_VERSION = 4.2;
				TARGETED_DEVICE_FAMILY = "1,2";
				TEST_TARGET_NAME = Chat;
			};
			name = Debug;
		};
		9F664C8A220C196A00930582 /* Release */ = {
			isa = XCBuildConfiguration;
			buildSettings = {
				ALWAYS_EMBED_SWIFT_STANDARD_LIBRARIES = YES;
				CODE_SIGN_STYLE = Automatic;
				INFOPLIST_FILE = ChatUITests/Info.plist;
				LD_RUNPATH_SEARCH_PATHS = (
					"$(inherited)",
					"@executable_path/Frameworks",
					"@loader_path/Frameworks",
				);
				PRODUCT_BUNDLE_IDENTIFIER = com.ktrkathir.ChatUITests;
				PRODUCT_NAME = "$(TARGET_NAME)";
				SWIFT_VERSION = 4.2;
				TARGETED_DEVICE_FAMILY = "1,2";
				TEST_TARGET_NAME = Chat;
			};
			name = Release;
		};
/* End XCBuildConfiguration section */

/* Begin XCConfigurationList section */
		9F664C52220C196300930582 /* Build configuration list for PBXProject "Chat" */ = {
			isa = XCConfigurationList;
			buildConfigurations = (
				9F664C80220C196A00930582 /* Debug */,
				9F664C81220C196A00930582 /* Release */,
			);
			defaultConfigurationIsVisible = 0;
			defaultConfigurationName = Release;
		};
		9F664C82220C196A00930582 /* Build configuration list for PBXNativeTarget "Chat" */ = {
			isa = XCConfigurationList;
			buildConfigurations = (
				9F664C83220C196A00930582 /* Debug */,
				9F664C84220C196A00930582 /* Release */,
			);
			defaultConfigurationIsVisible = 0;
			defaultConfigurationName = Release;
		};
		9F664C85220C196A00930582 /* Build configuration list for PBXNativeTarget "ChatTests" */ = {
			isa = XCConfigurationList;
			buildConfigurations = (
				9F664C86220C196A00930582 /* Debug */,
				9F664C87220C196A00930582 /* Release */,
			);
			defaultConfigurationIsVisible = 0;
			defaultConfigurationName = Release;
		};
		9F664C88220C196A00930582 /* Build configuration list for PBXNativeTarget "ChatUITests" */ = {
			isa = XCConfigurationList;
			buildConfigurations = (
				9F664C89220C196A00930582 /* Debug */,
				9F664C8A220C196A00930582 /* Release */,
			);
			defaultConfigurationIsVisible = 0;
			defaultConfigurationName = Release;
		};
/* End XCConfigurationList section */

/* Begin XCVersionGroup section */
		9F664C61220C196400930582 /* Chat.xcdatamodeld */ = {
			isa = XCVersionGroup;
			children = (
				9F664C62220C196400930582 /* Chat.xcdatamodel */,
			);
			currentVersion = 9F664C62220C196400930582 /* Chat.xcdatamodel */;
			path = Chat.xcdatamodeld;
			sourceTree = "<group>";
			versionGroupType = wrapper.xcdatamodel;
		};
/* End XCVersionGroup section */
	};
	rootObject = 9F664C4F220C196300930582 /* Project object */;
}
